// !$*UTF8*$!
{
	archiveVersion = 1;
	classes = {
	};
	objectVersion = 48;
	objects = {

/* Begin PBXBuildFile section */
		6A6A616823144C92004DA408 /* SecKeys.plist in Resources */ = {isa = PBXBuildFile; fileRef = 6A6A616723144C92004DA408 /* SecKeys.plist */; };
		6AB766BB21CD733F00FAD43B /* KeyboardToolBar.xib in Resources */ = {isa = PBXBuildFile; fileRef = 6AB766BD21CD733F00FAD43B /* KeyboardToolBar.xib */; };
		6ADCF8CC22650EEF00F10082 /* RefersionKeys.swift in Sources */ = {isa = PBXBuildFile; fileRef = 6ADCF8CB22650EEF00F10082 /* RefersionKeys.swift */; };
		8904B00620326F5600BE2B05 /* NibView.swift in Sources */ = {isa = PBXBuildFile; fileRef = 8904B00520326F5600BE2B05 /* NibView.swift */; };
		8904B0082032701100BE2B05 /* UIView.swift in Sources */ = {isa = PBXBuildFile; fileRef = 8904B0072032701100BE2B05 /* UIView.swift */; };
		8904B00D2032768400BE2B05 /* KeyboardToolBar.swift in Sources */ = {isa = PBXBuildFile; fileRef = 8904B00C2032768400BE2B05 /* KeyboardToolBar.swift */; };
		8909E2ED1FF0427F0026B356 /* HomeViewController.swift in Sources */ = {isa = PBXBuildFile; fileRef = 8909E2EC1FF0427F0026B356 /* HomeViewController.swift */; };
		8909E2F01FF055280026B356 /* SettingMgr.swift in Sources */ = {isa = PBXBuildFile; fileRef = 8909E2EF1FF055280026B356 /* SettingMgr.swift */; };
		8909E2F21FF069670026B356 /* EditViewController.swift in Sources */ = {isa = PBXBuildFile; fileRef = 8909E2F11FF069670026B356 /* EditViewController.swift */; };
		890F09DE2010F80000005711 /* img_device.png in Resources */ = {isa = PBXBuildFile; fileRef = 890F09DD2010F80000005711 /* img_device.png */; };
		8916F9A6200EEC8D006827DD /* Modal.swift in Sources */ = {isa = PBXBuildFile; fileRef = 8916F9A5200EEC8D006827DD /* Modal.swift */; };
		8916F9AB200F1502006827DD /* ScanDlg.xib in Resources */ = {isa = PBXBuildFile; fileRef = 8916F9AA200F1502006827DD /* ScanDlg.xib */; };
		8916F9AD200F1988006827DD /* ScanDlg.swift in Sources */ = {isa = PBXBuildFile; fileRef = 8916F9AC200F1988006827DD /* ScanDlg.swift */; };
		8916F9B0200F35BC006827DD /* CompanionDlg.xib in Resources */ = {isa = PBXBuildFile; fileRef = 8916F9AF200F35BC006827DD /* CompanionDlg.xib */; };
		8916F9B2200F38FF006827DD /* btn_close.png in Resources */ = {isa = PBXBuildFile; fileRef = 8916F9B1200F38FF006827DD /* btn_close.png */; };
		8916F9B4200F4258006827DD /* CompanionDlg.swift in Sources */ = {isa = PBXBuildFile; fileRef = 8916F9B3200F4258006827DD /* CompanionDlg.swift */; };
		8921B7951FF986C60004CC18 /* img_bg.png in Resources */ = {isa = PBXBuildFile; fileRef = 8921B7941FF986C60004CC18 /* img_bg.png */; };
		89484C9D20395F8C0078C0A1 /* icon_setting.png in Resources */ = {isa = PBXBuildFile; fileRef = 89484C9C20395F8C0078C0A1 /* icon_setting.png */; };
		89520F571FEEF19B00B7E351 /* AppDelegate.swift in Sources */ = {isa = PBXBuildFile; fileRef = 89520F561FEEF19B00B7E351 /* AppDelegate.swift */; };
		89520F5C1FEEF19B00B7E351 /* Main.storyboard in Resources */ = {isa = PBXBuildFile; fileRef = 89520F5A1FEEF19B00B7E351 /* Main.storyboard */; };
		89520F5E1FEEF19B00B7E351 /* Assets.xcassets in Resources */ = {isa = PBXBuildFile; fileRef = 89520F5D1FEEF19B00B7E351 /* Assets.xcassets */; };
		89520F611FEEF19B00B7E351 /* LaunchScreen.storyboard in Resources */ = {isa = PBXBuildFile; fileRef = 89520F5F1FEEF19B00B7E351 /* LaunchScreen.storyboard */; };
		89520F6C1FEEF19B00B7E351 /* InventoryUtilityTests.swift in Sources */ = {isa = PBXBuildFile; fileRef = 89520F6B1FEEF19B00B7E351 /* InventoryUtilityTests.swift */; };
		89520F771FEEF19B00B7E351 /* InventoryUtilityUITests.swift in Sources */ = {isa = PBXBuildFile; fileRef = 89520F761FEEF19B00B7E351 /* InventoryUtilityUITests.swift */; };
		8956133620111DCA0004E74C /* icon_check.png in Resources */ = {isa = PBXBuildFile; fileRef = 8956133520111DCA0004E74C /* icon_check.png */; };
		8956133820112A740004E74C /* SettingViewController.swift in Sources */ = {isa = PBXBuildFile; fileRef = 8956133720112A740004E74C /* SettingViewController.swift */; };
		89AE9498200C2DF700C3C901 /* EditController.swift in Sources */ = {isa = PBXBuildFile; fileRef = 89AE9497200C2DF700C3C901 /* EditController.swift */; };
		89B6F0892030F811002A91F2 /* CustomNavBarViewController.swift in Sources */ = {isa = PBXBuildFile; fileRef = 89B6F0882030F811002A91F2 /* CustomNavBarViewController.swift */; };
		89C035B41FF57333003F9BEC /* Date.swift in Sources */ = {isa = PBXBuildFile; fileRef = 89C035B31FF57333003F9BEC /* Date.swift */; };
		89C035B71FF57678003F9BEC /* FileMgr.swift in Sources */ = {isa = PBXBuildFile; fileRef = 89C035B61FF57678003F9BEC /* FileMgr.swift */; };
		89C035B91FF58A43003F9BEC /* DBHelper.swift in Sources */ = {isa = PBXBuildFile; fileRef = 89C035B81FF58A43003F9BEC /* DBHelper.swift */; };
		89C035BB1FF58D3F003F9BEC /* String.swift in Sources */ = {isa = PBXBuildFile; fileRef = 89C035BA1FF58D3F003F9BEC /* String.swift */; };
		89C0CA862010048C00D5F108 /* OptionViewController.swift in Sources */ = {isa = PBXBuildFile; fileRef = 89C0CA852010048C00D5F108 /* OptionViewController.swift */; };
		89C0CA882010051800D5F108 /* btn_option.png in Resources */ = {isa = PBXBuildFile; fileRef = 89C0CA872010051800D5F108 /* btn_option.png */; };
		89C0CA8B2010076000D5F108 /* icon_info.png in Resources */ = {isa = PBXBuildFile; fileRef = 89C0CA892010076000D5F108 /* icon_info.png */; };
		89C0CA8E20100BFE00D5F108 /* icon_detail.png in Resources */ = {isa = PBXBuildFile; fileRef = 89C0CA8D20100BFE00D5F108 /* icon_detail.png */; };
		89CBCF852035DD0700CFA85F /* InstructionViewController.swift in Sources */ = {isa = PBXBuildFile; fileRef = 89CBCF842035DD0700CFA85F /* InstructionViewController.swift */; };
		89DAF7801FEF0D6000510F1D /* RMFile.swift in Sources */ = {isa = PBXBuildFile; fileRef = 89DAF77F1FEF0D6000510F1D /* RMFile.swift */; };
		89E787802020D62E00DDA268 /* Localizable.strings in Resources */ = {isa = PBXBuildFile; fileRef = 89E7877E2020D62E00DDA268 /* Localizable.strings */; };
		C56DC89B51EA39F2973EEEB0 /* libPods-StockCount.a in Frameworks */ = {isa = PBXBuildFile; fileRef = 38234F06055C1E57D462A4D3 /* libPods-StockCount.a */; };
		D31504BB21CAC82200D963B3 /* Instruction.storyboard in Resources */ = {isa = PBXBuildFile; fileRef = D31504BD21CAC82200D963B3 /* Instruction.storyboard */; };
/* End PBXBuildFile section */

/* Begin PBXContainerItemProxy section */
		89520F681FEEF19B00B7E351 /* PBXContainerItemProxy */ = {
			isa = PBXContainerItemProxy;
			containerPortal = 89520F4B1FEEF19B00B7E351 /* Project object */;
			proxyType = 1;
			remoteGlobalIDString = 89520F521FEEF19B00B7E351;
			remoteInfo = InventoryUtility;
		};
		89520F731FEEF19B00B7E351 /* PBXContainerItemProxy */ = {
			isa = PBXContainerItemProxy;
			containerPortal = 89520F4B1FEEF19B00B7E351 /* Project object */;
			proxyType = 1;
			remoteGlobalIDString = 89520F521FEEF19B00B7E351;
			remoteInfo = InventoryUtility;
		};
/* End PBXContainerItemProxy section */

/* Begin PBXFileReference section */
		38234F06055C1E57D462A4D3 /* libPods-StockCount.a */ = {isa = PBXFileReference; explicitFileType = archive.ar; includeInIndex = 0; path = "libPods-StockCount.a"; sourceTree = BUILT_PRODUCTS_DIR; };
		6A6A616723144C92004DA408 /* SecKeys.plist */ = {isa = PBXFileReference; fileEncoding = 4; lastKnownFileType = text.plist.xml; path = SecKeys.plist; sourceTree = "<group>"; };
		6AB766BF21CD735400FAD43B /* ja */ = {isa = PBXFileReference; lastKnownFileType = text.plist.strings; name = ja; path = ja.lproj/KeyboardToolBar.strings; sourceTree = "<group>"; };
		6AB766C021CD735A00FAD43B /* Base */ = {isa = PBXFileReference; lastKnownFileType = file.xib; name = Base; path = Base.lproj/KeyboardToolBar.xib; sourceTree = "<group>"; };
		6AB766C121CD750D00FAD43B /* zh-Hans */ = {isa = PBXFileReference; lastKnownFileType = text.plist.strings; name = "zh-Hans"; path = "zh-Hans.lproj/KeyboardToolBar.strings"; sourceTree = "<group>"; };
		6ADCF8CB22650EEF00F10082 /* RefersionKeys.swift */ = {isa = PBXFileReference; lastKnownFileType = sourcecode.swift; path = RefersionKeys.swift; sourceTree = "<group>"; };
		6AE5CAED225FB97500A92959 /* de */ = {isa = PBXFileReference; lastKnownFileType = text.plist.strings; name = de; path = de.lproj/KeyboardToolBar.strings; sourceTree = "<group>"; };
		6AE5CAEE225FB97500A92959 /* de */ = {isa = PBXFileReference; lastKnownFileType = text.plist.strings; name = de; path = de.lproj/Main.strings; sourceTree = "<group>"; };
		6AE5CAEF225FB97500A92959 /* de */ = {isa = PBXFileReference; lastKnownFileType = text.plist.strings; name = de; path = de.lproj/Instruction.strings; sourceTree = "<group>"; };
		6AE5CAF0225FB97500A92959 /* de */ = {isa = PBXFileReference; lastKnownFileType = text.plist.strings; name = de; path = de.lproj/LaunchScreen.strings; sourceTree = "<group>"; };
		6AE5CAF1225FB97500A92959 /* de */ = {isa = PBXFileReference; lastKnownFileType = text.plist.strings; name = de; path = de.lproj/Localizable.strings; sourceTree = "<group>"; };
		6AE5CAF2225FB97B00A92959 /* fr */ = {isa = PBXFileReference; lastKnownFileType = text.plist.strings; name = fr; path = fr.lproj/KeyboardToolBar.strings; sourceTree = "<group>"; };
		6AE5CAF3225FB97B00A92959 /* fr */ = {isa = PBXFileReference; lastKnownFileType = text.plist.strings; name = fr; path = fr.lproj/Main.strings; sourceTree = "<group>"; };
		6AE5CAF4225FB97B00A92959 /* fr */ = {isa = PBXFileReference; lastKnownFileType = text.plist.strings; name = fr; path = fr.lproj/Instruction.strings; sourceTree = "<group>"; };
		6AE5CAF5225FB97B00A92959 /* fr */ = {isa = PBXFileReference; lastKnownFileType = text.plist.strings; name = fr; path = fr.lproj/LaunchScreen.strings; sourceTree = "<group>"; };
		6AE5CAF6225FB97B00A92959 /* fr */ = {isa = PBXFileReference; lastKnownFileType = text.plist.strings; name = fr; path = fr.lproj/Localizable.strings; sourceTree = "<group>"; };
		8904B00520326F5600BE2B05 /* NibView.swift */ = {isa = PBXFileReference; lastKnownFileType = sourcecode.swift; path = NibView.swift; sourceTree = "<group>"; };
		8904B0072032701100BE2B05 /* UIView.swift */ = {isa = PBXFileReference; lastKnownFileType = sourcecode.swift; path = UIView.swift; sourceTree = "<group>"; };
		8904B00C2032768400BE2B05 /* KeyboardToolBar.swift */ = {isa = PBXFileReference; lastKnownFileType = sourcecode.swift; path = KeyboardToolBar.swift; sourceTree = "<group>"; };
		8909E2EC1FF0427F0026B356 /* HomeViewController.swift */ = {isa = PBXFileReference; lastKnownFileType = sourcecode.swift; path = HomeViewController.swift; sourceTree = "<group>"; };
		8909E2EF1FF055280026B356 /* SettingMgr.swift */ = {isa = PBXFileReference; lastKnownFileType = sourcecode.swift; path = SettingMgr.swift; sourceTree = "<group>"; };
		8909E2F11FF069670026B356 /* EditViewController.swift */ = {isa = PBXFileReference; lastKnownFileType = sourcecode.swift; path = EditViewController.swift; sourceTree = "<group>"; };
		890F09DD2010F80000005711 /* img_device.png */ = {isa = PBXFileReference; lastKnownFileType = image.png; path = img_device.png; sourceTree = "<group>"; };
		8916F9A5200EEC8D006827DD /* Modal.swift */ = {isa = PBXFileReference; lastKnownFileType = sourcecode.swift; path = Modal.swift; sourceTree = "<group>"; };
		8916F9AA200F1502006827DD /* ScanDlg.xib */ = {isa = PBXFileReference; lastKnownFileType = file.xib; path = ScanDlg.xib; sourceTree = "<group>"; };
		8916F9AC200F1988006827DD /* ScanDlg.swift */ = {isa = PBXFileReference; lastKnownFileType = sourcecode.swift; path = ScanDlg.swift; sourceTree = "<group>"; };
		8916F9AF200F35BC006827DD /* CompanionDlg.xib */ = {isa = PBXFileReference; lastKnownFileType = file.xib; path = CompanionDlg.xib; sourceTree = "<group>"; };
		8916F9B1200F38FF006827DD /* btn_close.png */ = {isa = PBXFileReference; lastKnownFileType = image.png; path = btn_close.png; sourceTree = "<group>"; };
		8916F9B3200F4258006827DD /* CompanionDlg.swift */ = {isa = PBXFileReference; lastKnownFileType = sourcecode.swift; path = CompanionDlg.swift; sourceTree = "<group>"; };
		8921B7941FF986C60004CC18 /* img_bg.png */ = {isa = PBXFileReference; lastKnownFileType = image.png; path = img_bg.png; sourceTree = "<group>"; };
		89484C9C20395F8C0078C0A1 /* icon_setting.png */ = {isa = PBXFileReference; lastKnownFileType = image.png; path = icon_setting.png; sourceTree = "<group>"; };
		89520F531FEEF19B00B7E351 /* StockCount.app */ = {isa = PBXFileReference; explicitFileType = wrapper.application; includeInIndex = 0; path = StockCount.app; sourceTree = BUILT_PRODUCTS_DIR; };
		89520F561FEEF19B00B7E351 /* AppDelegate.swift */ = {isa = PBXFileReference; lastKnownFileType = sourcecode.swift; path = AppDelegate.swift; sourceTree = "<group>"; };
		89520F5B1FEEF19B00B7E351 /* Base */ = {isa = PBXFileReference; lastKnownFileType = file.storyboard; name = Base; path = Base.lproj/Main.storyboard; sourceTree = "<group>"; };
		89520F5D1FEEF19B00B7E351 /* Assets.xcassets */ = {isa = PBXFileReference; lastKnownFileType = folder.assetcatalog; path = Assets.xcassets; sourceTree = "<group>"; };
		89520F601FEEF19B00B7E351 /* Base */ = {isa = PBXFileReference; lastKnownFileType = file.storyboard; name = Base; path = Base.lproj/LaunchScreen.storyboard; sourceTree = "<group>"; };
		89520F621FEEF19B00B7E351 /* Info.plist */ = {isa = PBXFileReference; lastKnownFileType = text.plist.xml; path = Info.plist; sourceTree = "<group>"; };
		89520F671FEEF19B00B7E351 /* StockCountTests.xctest */ = {isa = PBXFileReference; explicitFileType = wrapper.cfbundle; includeInIndex = 0; path = StockCountTests.xctest; sourceTree = BUILT_PRODUCTS_DIR; };
		89520F6B1FEEF19B00B7E351 /* InventoryUtilityTests.swift */ = {isa = PBXFileReference; lastKnownFileType = sourcecode.swift; path = InventoryUtilityTests.swift; sourceTree = "<group>"; };
		89520F6D1FEEF19B00B7E351 /* Info.plist */ = {isa = PBXFileReference; lastKnownFileType = text.plist.xml; path = Info.plist; sourceTree = "<group>"; };
		89520F721FEEF19B00B7E351 /* StockCountUITests.xctest */ = {isa = PBXFileReference; explicitFileType = wrapper.cfbundle; includeInIndex = 0; path = StockCountUITests.xctest; sourceTree = BUILT_PRODUCTS_DIR; };
		89520F761FEEF19B00B7E351 /* InventoryUtilityUITests.swift */ = {isa = PBXFileReference; lastKnownFileType = sourcecode.swift; path = InventoryUtilityUITests.swift; sourceTree = "<group>"; };
		89520F781FEEF19B00B7E351 /* Info.plist */ = {isa = PBXFileReference; lastKnownFileType = text.plist.xml; path = Info.plist; sourceTree = "<group>"; };
		8956133520111DCA0004E74C /* icon_check.png */ = {isa = PBXFileReference; lastKnownFileType = image.png; path = icon_check.png; sourceTree = "<group>"; };
		8956133720112A740004E74C /* SettingViewController.swift */ = {isa = PBXFileReference; lastKnownFileType = sourcecode.swift; path = SettingViewController.swift; sourceTree = "<group>"; };
		89AE9497200C2DF700C3C901 /* EditController.swift */ = {isa = PBXFileReference; lastKnownFileType = sourcecode.swift; path = EditController.swift; sourceTree = "<group>"; };
		89B6F0882030F811002A91F2 /* CustomNavBarViewController.swift */ = {isa = PBXFileReference; lastKnownFileType = sourcecode.swift; path = CustomNavBarViewController.swift; sourceTree = "<group>"; };
		89C035B31FF57333003F9BEC /* Date.swift */ = {isa = PBXFileReference; lastKnownFileType = sourcecode.swift; path = Date.swift; sourceTree = "<group>"; };
		89C035B61FF57678003F9BEC /* FileMgr.swift */ = {isa = PBXFileReference; lastKnownFileType = sourcecode.swift; path = FileMgr.swift; sourceTree = "<group>"; };
		89C035B81FF58A43003F9BEC /* DBHelper.swift */ = {isa = PBXFileReference; lastKnownFileType = sourcecode.swift; path = DBHelper.swift; sourceTree = "<group>"; };
		89C035BA1FF58D3F003F9BEC /* String.swift */ = {isa = PBXFileReference; lastKnownFileType = sourcecode.swift; path = String.swift; sourceTree = "<group>"; };
		89C0CA852010048C00D5F108 /* OptionViewController.swift */ = {isa = PBXFileReference; lastKnownFileType = sourcecode.swift; path = OptionViewController.swift; sourceTree = "<group>"; };
		89C0CA872010051800D5F108 /* btn_option.png */ = {isa = PBXFileReference; lastKnownFileType = image.png; path = btn_option.png; sourceTree = "<group>"; };
		89C0CA892010076000D5F108 /* icon_info.png */ = {isa = PBXFileReference; lastKnownFileType = image.png; path = icon_info.png; sourceTree = "<group>"; };
		89C0CA8D20100BFE00D5F108 /* icon_detail.png */ = {isa = PBXFileReference; lastKnownFileType = image.png; path = icon_detail.png; sourceTree = "<group>"; };
		89CBCF842035DD0700CFA85F /* InstructionViewController.swift */ = {isa = PBXFileReference; lastKnownFileType = sourcecode.swift; path = InstructionViewController.swift; sourceTree = "<group>"; };
		89DAF77F1FEF0D6000510F1D /* RMFile.swift */ = {isa = PBXFileReference; lastKnownFileType = sourcecode.swift; path = RMFile.swift; sourceTree = "<group>"; };
		89E787812020D64600DDA268 /* Base */ = {isa = PBXFileReference; lastKnownFileType = text.plist.strings; name = Base; path = Base.lproj/Localizable.strings; sourceTree = "<group>"; };
		89E787822020D6AF00DDA268 /* en */ = {isa = PBXFileReference; lastKnownFileType = text.plist.strings; name = en; path = en.lproj/Localizable.strings; sourceTree = "<group>"; };
		9C9C7FA4B001357F03903923 /* Pods-StockCount.debug.xcconfig */ = {isa = PBXFileReference; includeInIndex = 1; lastKnownFileType = text.xcconfig; name = "Pods-StockCount.debug.xcconfig"; path = "Pods/Target Support Files/Pods-StockCount/Pods-StockCount.debug.xcconfig"; sourceTree = "<group>"; };
		CC1090F83D7ECB48B2015D8D /* Pods-StockCount.release.xcconfig */ = {isa = PBXFileReference; includeInIndex = 1; lastKnownFileType = text.xcconfig; name = "Pods-StockCount.release.xcconfig"; path = "Pods/Target Support Files/Pods-StockCount/Pods-StockCount.release.xcconfig"; sourceTree = "<group>"; };
		D31504B421CAC15A00D963B3 /* en */ = {isa = PBXFileReference; lastKnownFileType = text.plist.strings; name = en; path = en.lproj/Main.strings; sourceTree = "<group>"; };
		D31504B521CAC29100D963B3 /* zh-Hans */ = {isa = PBXFileReference; lastKnownFileType = text.plist.strings; name = "zh-Hans"; path = "zh-Hans.lproj/Main.strings"; sourceTree = "<group>"; };
		D31504B621CAC29100D963B3 /* zh-Hans */ = {isa = PBXFileReference; lastKnownFileType = text.plist.strings; name = "zh-Hans"; path = "zh-Hans.lproj/LaunchScreen.strings"; sourceTree = "<group>"; };
		D31504B721CAC29100D963B3 /* zh-Hans */ = {isa = PBXFileReference; lastKnownFileType = text.plist.strings; name = "zh-Hans"; path = "zh-Hans.lproj/Localizable.strings"; sourceTree = "<group>"; };
		D31504B821CAC2A400D963B3 /* ja */ = {isa = PBXFileReference; lastKnownFileType = text.plist.strings; name = ja; path = ja.lproj/Main.strings; sourceTree = "<group>"; };
		D31504B921CAC2A400D963B3 /* ja */ = {isa = PBXFileReference; lastKnownFileType = text.plist.strings; name = ja; path = ja.lproj/LaunchScreen.strings; sourceTree = "<group>"; };
		D31504BA21CAC2A400D963B3 /* ja */ = {isa = PBXFileReference; lastKnownFileType = text.plist.strings; name = ja; path = ja.lproj/Localizable.strings; sourceTree = "<group>"; };
		D31504BC21CAC82200D963B3 /* Base */ = {isa = PBXFileReference; lastKnownFileType = file.storyboard; name = Base; path = Base.lproj/Instruction.storyboard; sourceTree = "<group>"; };
		D31504BF21CAC82700D963B3 /* en */ = {isa = PBXFileReference; lastKnownFileType = text.plist.strings; name = en; path = en.lproj/Instruction.strings; sourceTree = "<group>"; };
		D31504C121CAC82D00D963B3 /* zh-Hans */ = {isa = PBXFileReference; lastKnownFileType = text.plist.strings; name = "zh-Hans"; path = "zh-Hans.lproj/Instruction.strings"; sourceTree = "<group>"; };
		D31504C321CAC82F00D963B3 /* ja */ = {isa = PBXFileReference; lastKnownFileType = text.plist.strings; name = ja; path = ja.lproj/Instruction.strings; sourceTree = "<group>"; };
		D31504C521CAC83700D963B3 /* en */ = {isa = PBXFileReference; lastKnownFileType = text.plist.strings; name = en; path = en.lproj/LaunchScreen.strings; sourceTree = "<group>"; };
/* End PBXFileReference section */

/* Begin PBXFrameworksBuildPhase section */
		89520F501FEEF19B00B7E351 /* Frameworks */ = {
			isa = PBXFrameworksBuildPhase;
			buildActionMask = 2147483647;
			files = (
				C56DC89B51EA39F2973EEEB0 /* libPods-StockCount.a in Frameworks */,
			);
			runOnlyForDeploymentPostprocessing = 0;
		};
		89520F641FEEF19B00B7E351 /* Frameworks */ = {
			isa = PBXFrameworksBuildPhase;
			buildActionMask = 2147483647;
			files = (
			);
			runOnlyForDeploymentPostprocessing = 0;
		};
		89520F6F1FEEF19B00B7E351 /* Frameworks */ = {
			isa = PBXFrameworksBuildPhase;
			buildActionMask = 2147483647;
			files = (
			);
			runOnlyForDeploymentPostprocessing = 0;
		};
/* End PBXFrameworksBuildPhase section */

/* Begin PBXGroup section */
		2BFC71758167A68D3BCC3DDC /* Pods */ = {
			isa = PBXGroup;
			children = (
				9C9C7FA4B001357F03903923 /* Pods-StockCount.debug.xcconfig */,
				CC1090F83D7ECB48B2015D8D /* Pods-StockCount.release.xcconfig */,
			);
			name = Pods;
			sourceTree = "<group>";
		};
		2CA288C83FAC2B3ACCF1B33F /* Frameworks */ = {
			isa = PBXGroup;
			children = (
				38234F06055C1E57D462A4D3 /* libPods-StockCount.a */,
			);
			name = Frameworks;
			sourceTree = "<group>";
		};
		8904B00420326F4200BE2B05 /* NibView */ = {
			isa = PBXGroup;
			children = (
				8904B0092032725E00BE2B05 /* KeyboardToolBar */,
				8904B00520326F5600BE2B05 /* NibView.swift */,
			);
			path = NibView;
			sourceTree = "<group>";
		};
		8904B0092032725E00BE2B05 /* KeyboardToolBar */ = {
			isa = PBXGroup;
			children = (
				6AB766BD21CD733F00FAD43B /* KeyboardToolBar.xib */,
				8904B00C2032768400BE2B05 /* KeyboardToolBar.swift */,
			);
			path = KeyboardToolBar;
			sourceTree = "<group>";
		};
		8909E2EB1FF0425A0026B356 /* View */ = {
			isa = PBXGroup;
			children = (
				8904B00420326F4200BE2B05 /* NibView */,
				8909E2EC1FF0427F0026B356 /* HomeViewController.swift */,
				8909E2F11FF069670026B356 /* EditViewController.swift */,
				89C0CA852010048C00D5F108 /* OptionViewController.swift */,
				8956133720112A740004E74C /* SettingViewController.swift */,
				89B6F0882030F811002A91F2 /* CustomNavBarViewController.swift */,
				89CBCF842035DD0700CFA85F /* InstructionViewController.swift */,
			);
			path = View;
			sourceTree = "<group>";
		};
		8909E2EE1FF055120026B356 /* SettingMgr */ = {
			isa = PBXGroup;
			children = (
				8909E2EF1FF055280026B356 /* SettingMgr.swift */,
			);
			path = SettingMgr;
			sourceTree = "<group>";
		};
		8916F9A4200EEC80006827DD /* Dlg */ = {
			isa = PBXGroup;
			children = (
				8916F9AE200F35A4006827DD /* CompanionDlg */,
				8916F9A9200F14E7006827DD /* ScanDlg */,
				8916F9A5200EEC8D006827DD /* Modal.swift */,
			);
			path = Dlg;
			sourceTree = "<group>";
		};
		8916F9A9200F14E7006827DD /* ScanDlg */ = {
			isa = PBXGroup;
			children = (
				8916F9AA200F1502006827DD /* ScanDlg.xib */,
				8916F9AC200F1988006827DD /* ScanDlg.swift */,
			);
			path = ScanDlg;
			sourceTree = "<group>";
		};
		8916F9AE200F35A4006827DD /* CompanionDlg */ = {
			isa = PBXGroup;
			children = (
				8916F9AF200F35BC006827DD /* CompanionDlg.xib */,
				8916F9B3200F4258006827DD /* CompanionDlg.swift */,
			);
			path = CompanionDlg;
			sourceTree = "<group>";
		};
		89520F4A1FEEF19B00B7E351 = {
			isa = PBXGroup;
			children = (
				89520F551FEEF19B00B7E351 /* StockCount */,
				89520F6A1FEEF19B00B7E351 /* StockCountTests */,
				89520F751FEEF19B00B7E351 /* StockCountUITests */,
				89520F541FEEF19B00B7E351 /* Products */,
				2BFC71758167A68D3BCC3DDC /* Pods */,
				2CA288C83FAC2B3ACCF1B33F /* Frameworks */,
			);
			sourceTree = "<group>";
		};
		89520F541FEEF19B00B7E351 /* Products */ = {
			isa = PBXGroup;
			children = (
				89520F531FEEF19B00B7E351 /* StockCount.app */,
				89520F671FEEF19B00B7E351 /* StockCountTests.xctest */,
				89520F721FEEF19B00B7E351 /* StockCountUITests.xctest */,
			);
			name = Products;
			sourceTree = "<group>";
		};
		89520F551FEEF19B00B7E351 /* StockCount */ = {
			isa = PBXGroup;
			children = (
				6A6A616723144C92004DA408 /* SecKeys.plist */,
				89AE9496200C2DE300C3C901 /* Controllers */,
				89C035B21FF572F9003F9BEC /* Extension */,
				89C035AC1FF57043003F9BEC /* Resource */,
				8909E2EB1FF0425A0026B356 /* View */,
				897B85B41FEEF9E200B387FD /* Utils */,
				89520F561FEEF19B00B7E351 /* AppDelegate.swift */,
				89520F5A1FEEF19B00B7E351 /* Main.storyboard */,
				D31504BD21CAC82200D963B3 /* Instruction.storyboard */,
				89520F5D1FEEF19B00B7E351 /* Assets.xcassets */,
				89520F5F1FEEF19B00B7E351 /* LaunchScreen.storyboard */,
				89520F621FEEF19B00B7E351 /* Info.plist */,
			);
			path = StockCount;
			sourceTree = "<group>";
		};
		89520F6A1FEEF19B00B7E351 /* StockCountTests */ = {
			isa = PBXGroup;
			children = (
				89520F6B1FEEF19B00B7E351 /* InventoryUtilityTests.swift */,
				89520F6D1FEEF19B00B7E351 /* Info.plist */,
			);
			path = StockCountTests;
			sourceTree = "<group>";
		};
		89520F751FEEF19B00B7E351 /* StockCountUITests */ = {
			isa = PBXGroup;
			children = (
				89520F761FEEF19B00B7E351 /* InventoryUtilityUITests.swift */,
				89520F781FEEF19B00B7E351 /* Info.plist */,
			);
			path = StockCountUITests;
			sourceTree = "<group>";
		};
		897B85B41FEEF9E200B387FD /* Utils */ = {
			isa = PBXGroup;
			children = (
				8916F9A4200EEC80006827DD /* Dlg */,
				89C035B51FF57667003F9BEC /* FileMgr */,
				8909E2EE1FF055120026B356 /* SettingMgr */,
				89DAF77E1FEF0D3E00510F1D /* DBMgr */,
				6ADCF8CB22650EEF00F10082 /* RefersionKeys.swift */,
			);
			path = Utils;
			sourceTree = "<group>";
		};
		89AE9496200C2DE300C3C901 /* Controllers */ = {
			isa = PBXGroup;
			children = (
				89AE9497200C2DF700C3C901 /* EditController.swift */,
			);
			path = Controllers;
			sourceTree = "<group>";
		};
		89C035AC1FF57043003F9BEC /* Resource */ = {
			isa = PBXGroup;
			children = (
				89C035AD1FF5704C003F9BEC /* Images */,
				89E7877E2020D62E00DDA268 /* Localizable.strings */,
			);
			path = Resource;
			sourceTree = "<group>";
		};
		89C035AD1FF5704C003F9BEC /* Images */ = {
			isa = PBXGroup;
			children = (
				89C0CA8D20100BFE00D5F108 /* icon_detail.png */,
				8956133520111DCA0004E74C /* icon_check.png */,
				89484C9C20395F8C0078C0A1 /* icon_setting.png */,
				89C0CA892010076000D5F108 /* icon_info.png */,
				89C0CA872010051800D5F108 /* btn_option.png */,
				8916F9B1200F38FF006827DD /* btn_close.png */,
				890F09DD2010F80000005711 /* img_device.png */,
				8921B7941FF986C60004CC18 /* img_bg.png */,
			);
			path = Images;
			sourceTree = "<group>";
		};
		89C035B21FF572F9003F9BEC /* Extension */ = {
			isa = PBXGroup;
			children = (
				89C035B31FF57333003F9BEC /* Date.swift */,
				89C035BA1FF58D3F003F9BEC /* String.swift */,
				8904B0072032701100BE2B05 /* UIView.swift */,
			);
			path = Extension;
			sourceTree = "<group>";
		};
		89C035B51FF57667003F9BEC /* FileMgr */ = {
			isa = PBXGroup;
			children = (
				89C035B61FF57678003F9BEC /* FileMgr.swift */,
			);
			path = FileMgr;
			sourceTree = "<group>";
		};
		89DAF77E1FEF0D3E00510F1D /* DBMgr */ = {
			isa = PBXGroup;
			children = (
				89DAF77F1FEF0D6000510F1D /* RMFile.swift */,
				89C035B81FF58A43003F9BEC /* DBHelper.swift */,
			);
			path = DBMgr;
			sourceTree = "<group>";
		};
/* End PBXGroup section */

/* Begin PBXNativeTarget section */
		89520F521FEEF19B00B7E351 /* StockCount */ = {
			isa = PBXNativeTarget;
			buildConfigurationList = 89520F7B1FEEF19B00B7E351 /* Build configuration list for PBXNativeTarget "StockCount" */;
			buildPhases = (
				E6E9C7B2077D9EE362690A75 /* [CP] Check Pods Manifest.lock */,
				E704F41020410094009600FC /* ShellScript */,
				89520F4F1FEEF19B00B7E351 /* Sources */,
				89520F501FEEF19B00B7E351 /* Frameworks */,
				89520F511FEEF19B00B7E351 /* Resources */,
				89CAE6681FEF00E900547B54 /* Run Script */,
				C2E18DA23A8EBC19268FA835 /* [CP] Copy Pods Resources */,
			);
			buildRules = (
			);
			dependencies = (
			);
			name = StockCount;
			productName = InventoryUtility;
			productReference = 89520F531FEEF19B00B7E351 /* StockCount.app */;
			productType = "com.apple.product-type.application";
		};
		89520F661FEEF19B00B7E351 /* StockCountTests */ = {
			isa = PBXNativeTarget;
			buildConfigurationList = 89520F7E1FEEF19B00B7E351 /* Build configuration list for PBXNativeTarget "StockCountTests" */;
			buildPhases = (
				89520F631FEEF19B00B7E351 /* Sources */,
				89520F641FEEF19B00B7E351 /* Frameworks */,
				89520F651FEEF19B00B7E351 /* Resources */,
			);
			buildRules = (
			);
			dependencies = (
				89520F691FEEF19B00B7E351 /* PBXTargetDependency */,
			);
			name = StockCountTests;
			productName = InventoryUtilityTests;
			productReference = 89520F671FEEF19B00B7E351 /* StockCountTests.xctest */;
			productType = "com.apple.product-type.bundle.unit-test";
		};
		89520F711FEEF19B00B7E351 /* StockCountUITests */ = {
			isa = PBXNativeTarget;
			buildConfigurationList = 89520F811FEEF19B00B7E351 /* Build configuration list for PBXNativeTarget "StockCountUITests" */;
			buildPhases = (
				89520F6E1FEEF19B00B7E351 /* Sources */,
				89520F6F1FEEF19B00B7E351 /* Frameworks */,
				89520F701FEEF19B00B7E351 /* Resources */,
			);
			buildRules = (
			);
			dependencies = (
				89520F741FEEF19B00B7E351 /* PBXTargetDependency */,
			);
			name = StockCountUITests;
			productName = InventoryUtilityUITests;
			productReference = 89520F721FEEF19B00B7E351 /* StockCountUITests.xctest */;
			productType = "com.apple.product-type.bundle.ui-testing";
		};
/* End PBXNativeTarget section */

/* Begin PBXProject section */
		89520F4B1FEEF19B00B7E351 /* Project object */ = {
			isa = PBXProject;
			attributes = {
				LastSwiftUpdateCheck = 0900;
				LastUpgradeCheck = 0940;
				ORGANIZATIONNAME = "Simple Design Inc";
				TargetAttributes = {
					89520F521FEEF19B00B7E351 = {
						CreatedOnToolsVersion = 9.0;
						ProvisioningStyle = Manual;
					};
					89520F661FEEF19B00B7E351 = {
						CreatedOnToolsVersion = 9.0;
						ProvisioningStyle = Manual;
						TestTargetID = 89520F521FEEF19B00B7E351;
					};
					89520F711FEEF19B00B7E351 = {
						CreatedOnToolsVersion = 9.0;
						ProvisioningStyle = Automatic;
						TestTargetID = 89520F521FEEF19B00B7E351;
					};
				};
			};
			buildConfigurationList = 89520F4E1FEEF19B00B7E351 /* Build configuration list for PBXProject "StockCount" */;
			compatibilityVersion = "Xcode 8.0";
			developmentRegion = en;
			hasScannedForEncodings = 0;
			knownRegions = (
				en,
				Base,
				"zh-Hans",
				ja,
				de,
				fr,
			);
			mainGroup = 89520F4A1FEEF19B00B7E351;
			productRefGroup = 89520F541FEEF19B00B7E351 /* Products */;
			projectDirPath = "";
			projectRoot = "";
			targets = (
				89520F521FEEF19B00B7E351 /* StockCount */,
				89520F661FEEF19B00B7E351 /* StockCountTests */,
				89520F711FEEF19B00B7E351 /* StockCountUITests */,
			);
		};
/* End PBXProject section */

/* Begin PBXResourcesBuildPhase section */
		89520F511FEEF19B00B7E351 /* Resources */ = {
			isa = PBXResourcesBuildPhase;
			buildActionMask = 2147483647;
			files = (
				8916F9B0200F35BC006827DD /* CompanionDlg.xib in Resources */,
				8921B7951FF986C60004CC18 /* img_bg.png in Resources */,
				8956133620111DCA0004E74C /* icon_check.png in Resources */,
				89C0CA8E20100BFE00D5F108 /* icon_detail.png in Resources */,
				89E787802020D62E00DDA268 /* Localizable.strings in Resources */,
				89520F611FEEF19B00B7E351 /* LaunchScreen.storyboard in Resources */,
				890F09DE2010F80000005711 /* img_device.png in Resources */,
				6AB766BB21CD733F00FAD43B /* KeyboardToolBar.xib in Resources */,
				89520F5E1FEEF19B00B7E351 /* Assets.xcassets in Resources */,
				89484C9D20395F8C0078C0A1 /* icon_setting.png in Resources */,
				8916F9B2200F38FF006827DD /* btn_close.png in Resources */,
				89520F5C1FEEF19B00B7E351 /* Main.storyboard in Resources */,
				89C0CA882010051800D5F108 /* btn_option.png in Resources */,
				89C0CA8B2010076000D5F108 /* icon_info.png in Resources */,
				D31504BB21CAC82200D963B3 /* Instruction.storyboard in Resources */,
				6A6A616823144C92004DA408 /* SecKeys.plist in Resources */,
				8916F9AB200F1502006827DD /* ScanDlg.xib in Resources */,
			);
			runOnlyForDeploymentPostprocessing = 0;
		};
		89520F651FEEF19B00B7E351 /* Resources */ = {
			isa = PBXResourcesBuildPhase;
			buildActionMask = 2147483647;
			files = (
			);
			runOnlyForDeploymentPostprocessing = 0;
		};
		89520F701FEEF19B00B7E351 /* Resources */ = {
			isa = PBXResourcesBuildPhase;
			buildActionMask = 2147483647;
			files = (
			);
			runOnlyForDeploymentPostprocessing = 0;
		};
/* End PBXResourcesBuildPhase section */

/* Begin PBXShellScriptBuildPhase section */
		89CAE6681FEF00E900547B54 /* Run Script */ = {
			isa = PBXShellScriptBuildPhase;
			buildActionMask = 2147483647;
			files = (
			);
			inputPaths = (
			);
			name = "Run Script";
			outputPaths = (
			);
			runOnlyForDeploymentPostprocessing = 0;
			shellPath = /bin/sh;
			shellScript = "if [ -f buildscripts/env-vars.sh ]\nthen\nsource buildscripts/env-vars.sh\n    echo \"deploy the build to Crashlytics\"\n    \"${PODS_ROOT}/Fabric/run\" $CrashlyticsApiKey $CrashlyticsSecret\nfi\n\n";
		};
		C2E18DA23A8EBC19268FA835 /* [CP] Copy Pods Resources */ = {
			isa = PBXShellScriptBuildPhase;
			buildActionMask = 2147483647;
			files = (
			);
			inputPaths = (
				"${PODS_ROOT}/Target Support Files/Pods-StockCount/Pods-StockCount-resources.sh",
				"${PODS_ROOT}/SKTCapture/softScanBeep.wav",
				"${PODS_ROOT}/SKTCapture/socketmobilepublickey.pem",
			);
			name = "[CP] Copy Pods Resources";
			outputPaths = (
				"${TARGET_BUILD_DIR}/${UNLOCALIZED_RESOURCES_FOLDER_PATH}/softScanBeep.wav",
				"${TARGET_BUILD_DIR}/${UNLOCALIZED_RESOURCES_FOLDER_PATH}/socketmobilepublickey.pem",
			);
			runOnlyForDeploymentPostprocessing = 0;
			shellPath = /bin/sh;
			shellScript = "\"${PODS_ROOT}/Target Support Files/Pods-StockCount/Pods-StockCount-resources.sh\"\n";
			showEnvVarsInLog = 0;
		};
		E6E9C7B2077D9EE362690A75 /* [CP] Check Pods Manifest.lock */ = {
			isa = PBXShellScriptBuildPhase;
			buildActionMask = 2147483647;
			files = (
			);
			inputFileListPaths = (
			);
			inputPaths = (
				"${PODS_PODFILE_DIR_PATH}/Podfile.lock",
				"${PODS_ROOT}/Manifest.lock",
			);
			name = "[CP] Check Pods Manifest.lock";
			outputFileListPaths = (
			);
			outputPaths = (
				"$(DERIVED_FILE_DIR)/Pods-StockCount-checkManifestLockResult.txt",
			);
			runOnlyForDeploymentPostprocessing = 0;
			shellPath = /bin/sh;
			shellScript = "diff \"${PODS_PODFILE_DIR_PATH}/Podfile.lock\" \"${PODS_ROOT}/Manifest.lock\" > /dev/null\nif [ $? != 0 ] ; then\n    # print error to STDERR\n    echo \"error: The sandbox is not in sync with the Podfile.lock. Run 'pod install' or update your CocoaPods installation.\" >&2\n    exit 1\nfi\n# This output is used by Xcode 'outputs' to avoid re-running this script phase.\necho \"SUCCESS\" > \"${SCRIPT_OUTPUT_FILE_0}\"\n";
			showEnvVarsInLog = 0;
		};
		E704F41020410094009600FC /* ShellScript */ = {
			isa = PBXShellScriptBuildPhase;
			buildActionMask = 2147483647;
			files = (
			);
			inputPaths = (
			);
			outputPaths = (
			);
			runOnlyForDeploymentPostprocessing = 0;
			shellPath = /bin/sh;
			shellScript = "# Assumes that you tag versions with the version number (e.g., \"1.1\") and then the build number is\n# that plus the number of commits since the tag (e.g., \"1.1.17\")\n# using the annotated tag with git: git tag -a 1.1 -m \"new version whatever\"\n\necho \"Updating version/build number from git...\"\nplist=${INFOPLIST_FILE}\n\n# increment the build number (ie 115 to 116)\nversionnum=`git describe | awk '{split($0,a,\"-\"); print a[1]}'`\nbuildnum=`git describe --long | awk '{split($0,a,\"-\"); print a[1] \".\" a[2]}'`\n\nif [[ \"${versionnum}\" == \"\" ]]; then\necho \"No version number from git!!!!!\"\nexit 2\nfi\n\nif [[ \"${buildnum}\" == \"\" ]]; then\necho \"No build number from git!!!!!\"\nexit 2\nfi\n\n/usr/libexec/Plistbuddy -c \"Set CFBundleShortVersionString $versionnum\" \"${plist}\"\necho \"Updated version number to $versionnum\"\n\n/usr/libexec/Plistbuddy -c \"Set CFBundleVersion $buildnum\" \"${plist}\"\necho \"Updated build number to $buildnum\"\n\nif [ -f buildscripts/env-vars.sh ]\nthen\n    source buildscripts/env-vars.sh\necho \"add $Crashlytics in APIKey of $plist\"\n/usr/libexec/Plistbuddy -c \"Set Fabric:APIKey $CrashlyticsApiKey\" \"${plist}\"\nfi\n";
		};
/* End PBXShellScriptBuildPhase section */

/* Begin PBXSourcesBuildPhase section */
		89520F4F1FEEF19B00B7E351 /* Sources */ = {
			isa = PBXSourcesBuildPhase;
			buildActionMask = 2147483647;
			files = (
				8916F9AD200F1988006827DD /* ScanDlg.swift in Sources */,
				8909E2ED1FF0427F0026B356 /* HomeViewController.swift in Sources */,
				89520F571FEEF19B00B7E351 /* AppDelegate.swift in Sources */,
				6ADCF8CC22650EEF00F10082 /* RefersionKeys.swift in Sources */,
				8956133820112A740004E74C /* SettingViewController.swift in Sources */,
				89C035BB1FF58D3F003F9BEC /* String.swift in Sources */,
				89C035B41FF57333003F9BEC /* Date.swift in Sources */,
				89AE9498200C2DF700C3C901 /* EditController.swift in Sources */,
				8909E2F21FF069670026B356 /* EditViewController.swift in Sources */,
				89C035B91FF58A43003F9BEC /* DBHelper.swift in Sources */,
				8916F9A6200EEC8D006827DD /* Modal.swift in Sources */,
				89DAF7801FEF0D6000510F1D /* RMFile.swift in Sources */,
				89C0CA862010048C00D5F108 /* OptionViewController.swift in Sources */,
				89C035B71FF57678003F9BEC /* FileMgr.swift in Sources */,
				8916F9B4200F4258006827DD /* CompanionDlg.swift in Sources */,
				89B6F0892030F811002A91F2 /* CustomNavBarViewController.swift in Sources */,
				89CBCF852035DD0700CFA85F /* InstructionViewController.swift in Sources */,
				8904B00620326F5600BE2B05 /* NibView.swift in Sources */,
				8904B00D2032768400BE2B05 /* KeyboardToolBar.swift in Sources */,
				8904B0082032701100BE2B05 /* UIView.swift in Sources */,
				8909E2F01FF055280026B356 /* SettingMgr.swift in Sources */,
			);
			runOnlyForDeploymentPostprocessing = 0;
		};
		89520F631FEEF19B00B7E351 /* Sources */ = {
			isa = PBXSourcesBuildPhase;
			buildActionMask = 2147483647;
			files = (
				89520F6C1FEEF19B00B7E351 /* InventoryUtilityTests.swift in Sources */,
			);
			runOnlyForDeploymentPostprocessing = 0;
		};
		89520F6E1FEEF19B00B7E351 /* Sources */ = {
			isa = PBXSourcesBuildPhase;
			buildActionMask = 2147483647;
			files = (
				89520F771FEEF19B00B7E351 /* InventoryUtilityUITests.swift in Sources */,
			);
			runOnlyForDeploymentPostprocessing = 0;
		};
/* End PBXSourcesBuildPhase section */

/* Begin PBXTargetDependency section */
		89520F691FEEF19B00B7E351 /* PBXTargetDependency */ = {
			isa = PBXTargetDependency;
			target = 89520F521FEEF19B00B7E351 /* StockCount */;
			targetProxy = 89520F681FEEF19B00B7E351 /* PBXContainerItemProxy */;
		};
		89520F741FEEF19B00B7E351 /* PBXTargetDependency */ = {
			isa = PBXTargetDependency;
			target = 89520F521FEEF19B00B7E351 /* StockCount */;
			targetProxy = 89520F731FEEF19B00B7E351 /* PBXContainerItemProxy */;
		};
/* End PBXTargetDependency section */

/* Begin PBXVariantGroup section */
		6AB766BD21CD733F00FAD43B /* KeyboardToolBar.xib */ = {
			isa = PBXVariantGroup;
			children = (
				6AB766BF21CD735400FAD43B /* ja */,
				6AB766C021CD735A00FAD43B /* Base */,
				6AB766C121CD750D00FAD43B /* zh-Hans */,
				6AE5CAED225FB97500A92959 /* de */,
				6AE5CAF2225FB97B00A92959 /* fr */,
			);
			name = KeyboardToolBar.xib;
			sourceTree = "<group>";
		};
		89520F5A1FEEF19B00B7E351 /* Main.storyboard */ = {
			isa = PBXVariantGroup;
			children = (
				89520F5B1FEEF19B00B7E351 /* Base */,
				D31504B421CAC15A00D963B3 /* en */,
				D31504B521CAC29100D963B3 /* zh-Hans */,
				D31504B821CAC2A400D963B3 /* ja */,
				6AE5CAEE225FB97500A92959 /* de */,
				6AE5CAF3225FB97B00A92959 /* fr */,
			);
			name = Main.storyboard;
			sourceTree = "<group>";
		};
		89520F5F1FEEF19B00B7E351 /* LaunchScreen.storyboard */ = {
			isa = PBXVariantGroup;
			children = (
				89520F601FEEF19B00B7E351 /* Base */,
				D31504B621CAC29100D963B3 /* zh-Hans */,
				D31504B921CAC2A400D963B3 /* ja */,
				D31504C521CAC83700D963B3 /* en */,
				6AE5CAF0225FB97500A92959 /* de */,
				6AE5CAF5225FB97B00A92959 /* fr */,
			);
			name = LaunchScreen.storyboard;
			sourceTree = "<group>";
		};
		89E7877E2020D62E00DDA268 /* Localizable.strings */ = {
			isa = PBXVariantGroup;
			children = (
				89E787812020D64600DDA268 /* Base */,
				89E787822020D6AF00DDA268 /* en */,
				D31504B721CAC29100D963B3 /* zh-Hans */,
				D31504BA21CAC2A400D963B3 /* ja */,
				6AE5CAF1225FB97500A92959 /* de */,
				6AE5CAF6225FB97B00A92959 /* fr */,
			);
			name = Localizable.strings;
			sourceTree = "<group>";
		};
		D31504BD21CAC82200D963B3 /* Instruction.storyboard */ = {
			isa = PBXVariantGroup;
			children = (
				D31504BC21CAC82200D963B3 /* Base */,
				D31504BF21CAC82700D963B3 /* en */,
				D31504C121CAC82D00D963B3 /* zh-Hans */,
				D31504C321CAC82F00D963B3 /* ja */,
				6AE5CAEF225FB97500A92959 /* de */,
				6AE5CAF4225FB97B00A92959 /* fr */,
			);
			name = Instruction.storyboard;
			sourceTree = "<group>";
		};
/* End PBXVariantGroup section */

/* Begin XCBuildConfiguration section */
		89520F791FEEF19B00B7E351 /* Debug */ = {
			isa = XCBuildConfiguration;
			buildSettings = {
				ALWAYS_SEARCH_USER_PATHS = NO;
				CLANG_ANALYZER_LOCALIZABILITY_NONLOCALIZED = YES;
				CLANG_ANALYZER_NONNULL = YES;
				CLANG_ANALYZER_NUMBER_OBJECT_CONVERSION = YES_AGGRESSIVE;
				CLANG_CXX_LANGUAGE_STANDARD = "gnu++14";
				CLANG_CXX_LIBRARY = "libc++";
				CLANG_ENABLE_MODULES = YES;
				CLANG_ENABLE_OBJC_ARC = YES;
				CLANG_WARN_BLOCK_CAPTURE_AUTORELEASING = YES;
				CLANG_WARN_BOOL_CONVERSION = YES;
				CLANG_WARN_COMMA = YES;
				CLANG_WARN_CONSTANT_CONVERSION = YES;
				CLANG_WARN_DEPRECATED_OBJC_IMPLEMENTATIONS = YES;
				CLANG_WARN_DIRECT_OBJC_ISA_USAGE = YES_ERROR;
				CLANG_WARN_DOCUMENTATION_COMMENTS = YES;
				CLANG_WARN_EMPTY_BODY = YES;
				CLANG_WARN_ENUM_CONVERSION = YES;
				CLANG_WARN_INFINITE_RECURSION = YES;
				CLANG_WARN_INT_CONVERSION = YES;
				CLANG_WARN_NON_LITERAL_NULL_CONVERSION = YES;
				CLANG_WARN_OBJC_IMPLICIT_RETAIN_SELF = YES;
				CLANG_WARN_OBJC_LITERAL_CONVERSION = YES;
				CLANG_WARN_OBJC_ROOT_CLASS = YES_ERROR;
				CLANG_WARN_RANGE_LOOP_ANALYSIS = YES;
				CLANG_WARN_STRICT_PROTOTYPES = YES;
				CLANG_WARN_SUSPICIOUS_MOVE = YES;
				CLANG_WARN_UNGUARDED_AVAILABILITY = YES_AGGRESSIVE;
				CLANG_WARN_UNREACHABLE_CODE = YES;
				CLANG_WARN__DUPLICATE_METHOD_MATCH = YES;
				CODE_SIGN_IDENTITY = "iPhone Developer";
				COPY_PHASE_STRIP = NO;
				DEBUG_INFORMATION_FORMAT = "dwarf-with-dsym";
				ENABLE_STRICT_OBJC_MSGSEND = YES;
				ENABLE_TESTABILITY = YES;
				GCC_C_LANGUAGE_STANDARD = gnu11;
				GCC_DYNAMIC_NO_PIC = NO;
				GCC_NO_COMMON_BLOCKS = YES;
				GCC_OPTIMIZATION_LEVEL = 0;
				GCC_PREPROCESSOR_DEFINITIONS = (
					"DEBUG=1",
					"$(inherited)",
				);
				GCC_WARN_64_TO_32_BIT_CONVERSION = YES;
				GCC_WARN_ABOUT_RETURN_TYPE = YES_ERROR;
				GCC_WARN_UNDECLARED_SELECTOR = YES;
				GCC_WARN_UNINITIALIZED_AUTOS = YES_AGGRESSIVE;
				GCC_WARN_UNUSED_FUNCTION = YES;
				GCC_WARN_UNUSED_VARIABLE = YES;
				IPHONEOS_DEPLOYMENT_TARGET = 11.0;
				MTL_ENABLE_DEBUG_INFO = YES;
				ONLY_ACTIVE_ARCH = YES;
				SDKROOT = iphoneos;
				SWIFT_ACTIVE_COMPILATION_CONDITIONS = DEBUG;
				SWIFT_OPTIMIZATION_LEVEL = "-Onone";
				SWIFT_VERSION = 5.0;
			};
			name = Debug;
		};
		89520F7A1FEEF19B00B7E351 /* Release */ = {
			isa = XCBuildConfiguration;
			buildSettings = {
				ALWAYS_SEARCH_USER_PATHS = NO;
				CLANG_ANALYZER_LOCALIZABILITY_NONLOCALIZED = YES;
				CLANG_ANALYZER_NONNULL = YES;
				CLANG_ANALYZER_NUMBER_OBJECT_CONVERSION = YES_AGGRESSIVE;
				CLANG_CXX_LANGUAGE_STANDARD = "gnu++14";
				CLANG_CXX_LIBRARY = "libc++";
				CLANG_ENABLE_MODULES = YES;
				CLANG_ENABLE_OBJC_ARC = YES;
				CLANG_WARN_BLOCK_CAPTURE_AUTORELEASING = YES;
				CLANG_WARN_BOOL_CONVERSION = YES;
				CLANG_WARN_COMMA = YES;
				CLANG_WARN_CONSTANT_CONVERSION = YES;
				CLANG_WARN_DEPRECATED_OBJC_IMPLEMENTATIONS = YES;
				CLANG_WARN_DIRECT_OBJC_ISA_USAGE = YES_ERROR;
				CLANG_WARN_DOCUMENTATION_COMMENTS = YES;
				CLANG_WARN_EMPTY_BODY = YES;
				CLANG_WARN_ENUM_CONVERSION = YES;
				CLANG_WARN_INFINITE_RECURSION = YES;
				CLANG_WARN_INT_CONVERSION = YES;
				CLANG_WARN_NON_LITERAL_NULL_CONVERSION = YES;
				CLANG_WARN_OBJC_IMPLICIT_RETAIN_SELF = YES;
				CLANG_WARN_OBJC_LITERAL_CONVERSION = YES;
				CLANG_WARN_OBJC_ROOT_CLASS = YES_ERROR;
				CLANG_WARN_RANGE_LOOP_ANALYSIS = YES;
				CLANG_WARN_STRICT_PROTOTYPES = YES;
				CLANG_WARN_SUSPICIOUS_MOVE = YES;
				CLANG_WARN_UNGUARDED_AVAILABILITY = YES_AGGRESSIVE;
				CLANG_WARN_UNREACHABLE_CODE = YES;
				CLANG_WARN__DUPLICATE_METHOD_MATCH = YES;
				CODE_SIGN_IDENTITY = "iPhone Developer";
				COPY_PHASE_STRIP = NO;
				DEBUG_INFORMATION_FORMAT = "dwarf-with-dsym";
				ENABLE_NS_ASSERTIONS = NO;
				ENABLE_STRICT_OBJC_MSGSEND = YES;
				GCC_C_LANGUAGE_STANDARD = gnu11;
				GCC_NO_COMMON_BLOCKS = YES;
				GCC_WARN_64_TO_32_BIT_CONVERSION = YES;
				GCC_WARN_ABOUT_RETURN_TYPE = YES_ERROR;
				GCC_WARN_UNDECLARED_SELECTOR = YES;
				GCC_WARN_UNINITIALIZED_AUTOS = YES_AGGRESSIVE;
				GCC_WARN_UNUSED_FUNCTION = YES;
				GCC_WARN_UNUSED_VARIABLE = YES;
				IPHONEOS_DEPLOYMENT_TARGET = 11.0;
				MTL_ENABLE_DEBUG_INFO = NO;
				SDKROOT = iphoneos;
				SWIFT_OPTIMIZATION_LEVEL = "-Owholemodule";
				SWIFT_VERSION = 5.0;
				VALIDATE_PRODUCT = YES;
			};
			name = Release;
		};
		89520F7C1FEEF19B00B7E351 /* Debug */ = {
			isa = XCBuildConfiguration;
			baseConfigurationReference = 9C9C7FA4B001357F03903923 /* Pods-StockCount.debug.xcconfig */;
			buildSettings = {
				ASSETCATALOG_COMPILER_APPICON_NAME = AppIcon;
				CODE_SIGN_IDENTITY = "iPhone Developer";
				"CODE_SIGN_IDENTITY[sdk=iphoneos*]" = "iPhone Developer";
				CODE_SIGN_STYLE = Manual;
				DEVELOPMENT_TEAM = GCJ274LWEE;
				INFOPLIST_FILE = "$(SRCROOT)/StockCount/Info.plist";
				LD_RUNPATH_SEARCH_PATHS = "$(inherited) @executable_path/Frameworks";
				PRODUCT_BUNDLE_IDENTIFIER = com.socketmobile.stockCount;
				PRODUCT_NAME = "$(TARGET_NAME)";
				PROVISIONING_PROFILE = "8cbd640b-14c6-47d0-96fd-728a81f48cd2";
				PROVISIONING_PROFILE_SPECIFIER = "development test com.socketmobile.*";
				SWIFT_VERSION = 5.0;
				TARGETED_DEVICE_FAMILY = 1;
			};
			name = Debug;
		};
		89520F7D1FEEF19B00B7E351 /* Release */ = {
			isa = XCBuildConfiguration;
			baseConfigurationReference = CC1090F83D7ECB48B2015D8D /* Pods-StockCount.release.xcconfig */;
			buildSettings = {
				ASSETCATALOG_COMPILER_APPICON_NAME = AppIcon;
				CODE_SIGN_IDENTITY = "iPhone Developer";
				"CODE_SIGN_IDENTITY[sdk=iphoneos*]" = "iPhone Distribution";
				CODE_SIGN_STYLE = Manual;
				DEVELOPMENT_TEAM = GCJ274LWEE;
				INFOPLIST_FILE = "$(SRCROOT)/StockCount/Info.plist";
				LD_RUNPATH_SEARCH_PATHS = "$(inherited) @executable_path/Frameworks";
				PRODUCT_BUNDLE_IDENTIFIER = com.socketmobile.stockCount;
				PRODUCT_NAME = "$(TARGET_NAME)";
				PROVISIONING_PROFILE = "7f708c3c-7b8b-4090-9c7b-fe08a209dab1";
				PROVISIONING_PROFILE_SPECIFIER = "development test com.socketmobile.*";
				SWIFT_VERSION = 5.0;
				TARGETED_DEVICE_FAMILY = 1;
			};
			name = Release;
		};
		89520F7F1FEEF19B00B7E351 /* Debug */ = {
			isa = XCBuildConfiguration;
			buildSettings = {
				ALWAYS_EMBED_SWIFT_STANDARD_LIBRARIES = YES;
				BUNDLE_LOADER = "$(TEST_HOST)";
				CODE_SIGN_STYLE = Manual;
				DEVELOPMENT_TEAM = GCJ274LWEE;
				INFOPLIST_FILE = StockCountTests/Info.plist;
				LD_RUNPATH_SEARCH_PATHS = "$(inherited) @executable_path/Frameworks @loader_path/Frameworks";
				PRODUCT_BUNDLE_IDENTIFIER = com.socketmobile.stockCountTests;
				PRODUCT_NAME = "$(TARGET_NAME)";
				PROVISIONING_PROFILE_SPECIFIER = "";
				"PROVISIONING_PROFILE_SPECIFIER[sdk=macosx*]" = "";
				SWIFT_VERSION = 4.0;
				TARGETED_DEVICE_FAMILY = "1,2";
				TEST_HOST = "$(BUILT_PRODUCTS_DIR)/StockCount.app/StockCount";
			};
			name = Debug;
		};
		89520F801FEEF19B00B7E351 /* Release */ = {
			isa = XCBuildConfiguration;
			buildSettings = {
				ALWAYS_EMBED_SWIFT_STANDARD_LIBRARIES = YES;
				BUNDLE_LOADER = "$(TEST_HOST)";
				CODE_SIGN_STYLE = Manual;
				DEVELOPMENT_TEAM = "";
				INFOPLIST_FILE = StockCountTests/Info.plist;
				LD_RUNPATH_SEARCH_PATHS = "$(inherited) @executable_path/Frameworks @loader_path/Frameworks";
				PRODUCT_BUNDLE_IDENTIFIER = com.socketmobile.stockCountTests;
				PRODUCT_NAME = "$(TARGET_NAME)";
				PROVISIONING_PROFILE_SPECIFIER = "";
				"PROVISIONING_PROFILE_SPECIFIER[sdk=macosx*]" = "";
				SWIFT_VERSION = 4.0;
				TARGETED_DEVICE_FAMILY = "1,2";
				TEST_HOST = "$(BUILT_PRODUCTS_DIR)/StockCount.app/StockCount";
			};
			name = Release;
		};
		89520F821FEEF19B00B7E351 /* Debug */ = {
			isa = XCBuildConfiguration;
			buildSettings = {
				ALWAYS_EMBED_SWIFT_STANDARD_LIBRARIES = YES;
				CODE_SIGN_STYLE = Automatic;
				INFOPLIST_FILE = StockCountUITests/Info.plist;
				LD_RUNPATH_SEARCH_PATHS = "$(inherited) @executable_path/Frameworks @loader_path/Frameworks";
				PRODUCT_BUNDLE_IDENTIFIER = com.socketmobile.stockCountUITests;
				PRODUCT_NAME = "$(TARGET_NAME)";
				SWIFT_VERSION = 4.0;
				TARGETED_DEVICE_FAMILY = "1,2";
				TEST_TARGET_NAME = StockCount;
			};
			name = Debug;
		};
		89520F831FEEF19B00B7E351 /* Release */ = {
			isa = XCBuildConfiguration;
			buildSettings = {
				ALWAYS_EMBED_SWIFT_STANDARD_LIBRARIES = YES;
				CODE_SIGN_STYLE = Automatic;
				INFOPLIST_FILE = StockCountUITests/Info.plist;
				LD_RUNPATH_SEARCH_PATHS = "$(inherited) @executable_path/Frameworks @loader_path/Frameworks";
				PRODUCT_BUNDLE_IDENTIFIER = com.socketmobile.stockCountUITests;
				PRODUCT_NAME = "$(TARGET_NAME)";
				SWIFT_VERSION = 4.0;
				TARGETED_DEVICE_FAMILY = "1,2";
				TEST_TARGET_NAME = StockCount;
			};
			name = Release;
		};
/* End XCBuildConfiguration section */

/* Begin XCConfigurationList section */
		89520F4E1FEEF19B00B7E351 /* Build configuration list for PBXProject "StockCount" */ = {
			isa = XCConfigurationList;
			buildConfigurations = (
				89520F791FEEF19B00B7E351 /* Debug */,
				89520F7A1FEEF19B00B7E351 /* Release */,
			);
			defaultConfigurationIsVisible = 0;
			defaultConfigurationName = Release;
		};
		89520F7B1FEEF19B00B7E351 /* Build configuration list for PBXNativeTarget "StockCount" */ = {
			isa = XCConfigurationList;
			buildConfigurations = (
				89520F7C1FEEF19B00B7E351 /* Debug */,
				89520F7D1FEEF19B00B7E351 /* Release */,
			);
			defaultConfigurationIsVisible = 0;
			defaultConfigurationName = Release;
		};
		89520F7E1FEEF19B00B7E351 /* Build configuration list for PBXNativeTarget "StockCountTests" */ = {
			isa = XCConfigurationList;
			buildConfigurations = (
				89520F7F1FEEF19B00B7E351 /* Debug */,
				89520F801FEEF19B00B7E351 /* Release */,
			);
			defaultConfigurationIsVisible = 0;
			defaultConfigurationName = Release;
		};
		89520F811FEEF19B00B7E351 /* Build configuration list for PBXNativeTarget "StockCountUITests" */ = {
			isa = XCConfigurationList;
			buildConfigurations = (
				89520F821FEEF19B00B7E351 /* Debug */,
				89520F831FEEF19B00B7E351 /* Release */,
			);
			defaultConfigurationIsVisible = 0;
			defaultConfigurationName = Release;
		};
/* End XCConfigurationList section */
	};
	rootObject = 89520F4B1FEEF19B00B7E351 /* Project object */;
}
