PODS:
  - Alamofire (4.8.2)
  - AppCenter (4.4.2):
    - AppCenter/Analytics (= 4.4.2)
    - AppCenter/Crashes (= 4.4.2)
  - AppCenter/Analytics (4.4.2):
    - AppCenter/Core
  - AppCenter/Core (4.4.2)
  - AppCenter/Crashes (4.4.2):
    - AppCenter/Core
  - CaptureSDK (1.6.39)
  - Realm (3.21.0):
    - Realm/Headers (= 3.21.0)
  - Realm/Headers (3.21.0)
  - RealmSwift (3.21.0):
    - Realm (= 3.21.0)
  - SwiftyJSON (5.0.0)

DEPENDENCIES:
  - Alamofire (= 4.8.2)
  - AppCenter
  - CaptureSDK (~> 1.6)
  - Realm (~> 3.13)
  - RealmSwift (~> 3.13)
  - SwiftyJSON (= 5.0.0)

SPEC REPOS:
  trunk:
    - Alamofire
    - AppCenter
    - CaptureSDK
    - Realm
    - RealmSwift
    - SwiftyJSON

SPEC CHECKSUMS:
  Alamofire: ae5c501addb7afdbb13687d7f2f722c78734c2d3
  AppCenter: b0eca112a27b71e97488ffa1949ee38c7abd4b79
  CaptureSDK: 34f244e4a3bae307a192be836b842f9226f6ed95
  Realm: 38e9dcb19104b58407167d99f70d4995f7c16023
  RealmSwift: 3183cc1ad48378fbcd634311b22c0e6c44021152
  SwiftyJSON: 36413e04c44ee145039d332b4f4e2d3e8d6c4db7

PODFILE CHECKSUM: 2e35df770976ea7e0e79ab36bce7d20c2586f8cd

COCOAPODS: 1.12.1
