PODS:
  - Crashlytics (3.12.0):
    - Fabric (~> 1.9.0)
  - Fabric (1.9.0)
  - Realm (3.13.0):
    - Realm/Headers (= 3.13.0)
  - Realm/Headers (3.13.0)
  - RealmSwift (3.13.0):
    - Realm (= 3.13.0)
  - SKTCapture (1.1.33)

DEPENDENCIES:
  - Crashlytics
  - Fabric
  - RealmSwift
  - SKTCapture (~> 1.0)

SPEC REPOS:
  https://github.com/cocoapods/specs.git:
    - Crashlytics
    - Fabric
    - Realm
    - RealmSwift
    - SKTCapture

SPEC CHECKSUMS:
  Crashlytics: 07fb167b1694128c1c9a5a5cc319b0e9c3ca0933
  Fabric: f988e33c97f08930a413e08123064d2e5f68d655
  Realm: 5edd2ee65406aef591a4f9895de5a3440e51b3d8
  RealmSwift: be5ebc7930e37cd3376b41cec7f21984528aaa16
  SKTCapture: 874255c299b53dd07f73f4af2591e4c9da14665a

PODFILE CHECKSUM: 1038d73b9c21f1059ddb08cc88f7b441970fcb91

COCOAPODS: 1.5.3
